// !$*UTF8*$!
{
	archiveVersion = 1;
	classes = {
	};
	objectVersion = 48;
	objects = {

/* Begin PBXBuildFile section */
		3F2705C4624897A0A01A4280 /* libPods-Recover Now.a in Frameworks */ = {isa = PBXBuildFile; fileRef = 28EA6ADBFABE3007E1C8A0F9 /* libPods-Recover Now.a */; };
		91A63BD21F91C64800D870B9 /* GoogleService-Info.plist in Resources */ = {isa = PBXBuildFile; fileRef = 91A63BD11F91C64800D870B9 /* GoogleService-Info.plist */; };
		91A63BD41F91C6EB00D870B9 /* Views in Resources */ = {isa = PBXBuildFile; fileRef = 91A63BD31F91C6EA00D870B9 /* Views */; };
		91A63BDD1F91CED100D870B9 /* FirebaseService.swift in Sources */ = {isa = PBXBuildFile; fileRef = 91A63BD81F91CED000D870B9 /* FirebaseService.swift */; };
		91A63BDE1F91CED100D870B9 /* FirebaseStorage.swift in Sources */ = {isa = PBXBuildFile; fileRef = 91A63BD91F91CED000D870B9 /* FirebaseStorage.swift */; };
		91A63BDF1F91CED100D870B9 /* DatabaseManager.swift in Sources */ = {isa = PBXBuildFile; fileRef = 91A63BDA1F91CED100D870B9 /* DatabaseManager.swift */; };
		91A63BE01F91CED100D870B9 /* FirebaseObjects.swift in Sources */ = {isa = PBXBuildFile; fileRef = 91A63BDB1F91CED100D870B9 /* FirebaseObjects.swift */; };
		91A63BE11F91CED100D870B9 /* Accounts.swift in Sources */ = {isa = PBXBuildFile; fileRef = 91A63BDC1F91CED100D870B9 /* Accounts.swift */; };
		91B0FD7F1F91AD74001ED35C /* AppDelegate.m in Sources */ = {isa = PBXBuildFile; fileRef = 91B0FD7E1F91AD74001ED35C /* AppDelegate.m */; };
		91B0FD881F91AD74001ED35C /* Main.storyboard in Resources */ = {isa = PBXBuildFile; fileRef = 91B0FD861F91AD74001ED35C /* Main.storyboard */; };
		91B0FD8A1F91AD74001ED35C /* Assets.xcassets in Resources */ = {isa = PBXBuildFile; fileRef = 91B0FD891F91AD74001ED35C /* Assets.xcassets */; };
		91B0FD8D1F91AD74001ED35C /* LaunchScreen.storyboard in Resources */ = {isa = PBXBuildFile; fileRef = 91B0FD8B1F91AD74001ED35C /* LaunchScreen.storyboard */; };
		91B0FD901F91AD74001ED35C /* main.m in Sources */ = {isa = PBXBuildFile; fileRef = 91B0FD8F1F91AD74001ED35C /* main.m */; };
		91DBE8C21F91DC910024EC05 /* ResourceCollectionViewCell.m in Sources */ = {isa = PBXBuildFile; fileRef = 91DBE8C11F91DC910024EC05 /* ResourceCollectionViewCell.m */; };
		91DBE8C81F923B580024EC05 /* LocationManager.m in Sources */ = {isa = PBXBuildFile; fileRef = 91DBE8C71F923B580024EC05 /* LocationManager.m */; };
		AF30911C1F91B93900FFEF97 /* RNLocation.m in Sources */ = {isa = PBXBuildFile; fileRef = AF30911B1F91B93900FFEF97 /* RNLocation.m */; };
		AF30911F1F91B9C100FFEF97 /* FirebaseObject.m in Sources */ = {isa = PBXBuildFile; fileRef = AF30911E1F91B9C100FFEF97 /* FirebaseObject.m */; };
		AF3091221F91BB9000FFEF97 /* RNResource.m in Sources */ = {isa = PBXBuildFile; fileRef = AF3091211F91BB9000FFEF97 /* RNResource.m */; };
		AF3091251F91BECF00FFEF97 /* RNUser.m in Sources */ = {isa = PBXBuildFile; fileRef = AF3091241F91BECF00FFEF97 /* RNUser.m */; };
		AF3091281F91C01F00FFEF97 /* FirebaseHandler.m in Sources */ = {isa = PBXBuildFile; fileRef = AF3091271F91C01F00FFEF97 /* FirebaseHandler.m */; };
		AF30912B1F91C13600FFEF97 /* RNRecoveryArea.m in Sources */ = {isa = PBXBuildFile; fileRef = AF30912A1F91C13600FFEF97 /* RNRecoveryArea.m */; };
		AF30912F1F91C23800FFEF97 /* ResourcesCollectionViewController.m in Sources */ = {isa = PBXBuildFile; fileRef = AF30912E1F91C23800FFEF97 /* ResourcesCollectionViewController.m */; };
		AF3091321F91C33800FFEF97 /* SearchTableViewController.m in Sources */ = {isa = PBXBuildFile; fileRef = AF3091311F91C33800FFEF97 /* SearchTableViewController.m */; };
		AF3091351F91C6CD00FFEF97 /* AccountTableViewController.m in Sources */ = {isa = PBXBuildFile; fileRef = AF3091341F91C6CD00FFEF97 /* AccountTableViewController.m */; };
		AF3091381F91C91500FFEF97 /* ContributeViewController.m in Sources */ = {isa = PBXBuildFile; fileRef = AF3091371F91C91500FFEF97 /* ContributeViewController.m */; };
		AFCD55AB1F924B6D0097AE67 /* LoadData.m in Sources */ = {isa = PBXBuildFile; fileRef = AFCD55AA1F924B6D0097AE67 /* LoadData.m */; };
		AFCD55AE1F92504C0097AE67 /* ResourceDetailTableViewController.m in Sources */ = {isa = PBXBuildFile; fileRef = AFCD55AD1F92504C0097AE67 /* ResourceDetailTableViewController.m */; };
/* End PBXBuildFile section */

/* Begin PBXFileReference section */
		1DDBA4C83B7F7345F3DF15EF /* Pods-Recover Now.release.xcconfig */ = {isa = PBXFileReference; includeInIndex = 1; lastKnownFileType = text.xcconfig; name = "Pods-Recover Now.release.xcconfig"; path = "Pods/Target Support Files/Pods-Recover Now/Pods-Recover Now.release.xcconfig"; sourceTree = "<group>"; };
		28EA6ADBFABE3007E1C8A0F9 /* libPods-Recover Now.a */ = {isa = PBXFileReference; explicitFileType = archive.ar; includeInIndex = 0; path = "libPods-Recover Now.a"; sourceTree = BUILT_PRODUCTS_DIR; };
		5FA65EC7879340C0A671C94A /* Pods-Recover Now.debug.xcconfig */ = {isa = PBXFileReference; includeInIndex = 1; lastKnownFileType = text.xcconfig; name = "Pods-Recover Now.debug.xcconfig"; path = "Pods/Target Support Files/Pods-Recover Now/Pods-Recover Now.debug.xcconfig"; sourceTree = "<group>"; };
		91A63BD11F91C64800D870B9 /* GoogleService-Info.plist */ = {isa = PBXFileReference; fileEncoding = 4; lastKnownFileType = text.plist.xml; path = "GoogleService-Info.plist"; sourceTree = "<group>"; };
		91A63BD31F91C6EA00D870B9 /* Views */ = {isa = PBXFileReference; lastKnownFileType = folder; path = Views; sourceTree = "<group>"; };
		91A63BD71F91CED000D870B9 /* Recover Now-Bridging-Header.h */ = {isa = PBXFileReference; lastKnownFileType = sourcecode.c.h; path = "Recover Now-Bridging-Header.h"; sourceTree = "<group>"; };
		91A63BD81F91CED000D870B9 /* FirebaseService.swift */ = {isa = PBXFileReference; fileEncoding = 4; lastKnownFileType = sourcecode.swift; path = FirebaseService.swift; sourceTree = "<group>"; };
		91A63BD91F91CED000D870B9 /* FirebaseStorage.swift */ = {isa = PBXFileReference; fileEncoding = 4; lastKnownFileType = sourcecode.swift; path = FirebaseStorage.swift; sourceTree = "<group>"; };
		91A63BDA1F91CED100D870B9 /* DatabaseManager.swift */ = {isa = PBXFileReference; fileEncoding = 4; lastKnownFileType = sourcecode.swift; path = DatabaseManager.swift; sourceTree = "<group>"; };
		91A63BDB1F91CED100D870B9 /* FirebaseObjects.swift */ = {isa = PBXFileReference; fileEncoding = 4; lastKnownFileType = sourcecode.swift; path = FirebaseObjects.swift; sourceTree = "<group>"; };
		91A63BDC1F91CED100D870B9 /* Accounts.swift */ = {isa = PBXFileReference; fileEncoding = 4; lastKnownFileType = sourcecode.swift; path = Accounts.swift; sourceTree = "<group>"; };
		91B0FD7A1F91AD74001ED35C /* Recover Now.app */ = {isa = PBXFileReference; explicitFileType = wrapper.application; includeInIndex = 0; path = "Recover Now.app"; sourceTree = BUILT_PRODUCTS_DIR; };
		91B0FD7D1F91AD74001ED35C /* AppDelegate.h */ = {isa = PBXFileReference; lastKnownFileType = sourcecode.c.h; path = AppDelegate.h; sourceTree = "<group>"; };
		91B0FD7E1F91AD74001ED35C /* AppDelegate.m */ = {isa = PBXFileReference; lastKnownFileType = sourcecode.c.objc; path = AppDelegate.m; sourceTree = "<group>"; };
		91B0FD871F91AD74001ED35C /* Base */ = {isa = PBXFileReference; lastKnownFileType = file.storyboard; name = Base; path = Base.lproj/Main.storyboard; sourceTree = "<group>"; };
		91B0FD891F91AD74001ED35C /* Assets.xcassets */ = {isa = PBXFileReference; lastKnownFileType = folder.assetcatalog; path = Assets.xcassets; sourceTree = "<group>"; };
		91B0FD8C1F91AD74001ED35C /* Base */ = {isa = PBXFileReference; lastKnownFileType = file.storyboard; name = Base; path = Base.lproj/LaunchScreen.storyboard; sourceTree = "<group>"; };
		91B0FD8E1F91AD74001ED35C /* Info.plist */ = {isa = PBXFileReference; lastKnownFileType = text.plist.xml; path = Info.plist; sourceTree = "<group>"; };
		91B0FD8F1F91AD74001ED35C /* main.m */ = {isa = PBXFileReference; lastKnownFileType = sourcecode.c.objc; path = main.m; sourceTree = "<group>"; };
		91DBE8C01F91DC910024EC05 /* ResourceCollectionViewCell.h */ = {isa = PBXFileReference; lastKnownFileType = sourcecode.c.h; name = ResourceCollectionViewCell.h; path = "Recover Now/Views/ResourceCollectionViewCell.h"; sourceTree = SOURCE_ROOT; };
		91DBE8C11F91DC910024EC05 /* ResourceCollectionViewCell.m */ = {isa = PBXFileReference; lastKnownFileType = sourcecode.c.objc; name = ResourceCollectionViewCell.m; path = "Recover Now/Views/ResourceCollectionViewCell.m"; sourceTree = SOURCE_ROOT; };
		91DBE8C61F923B580024EC05 /* LocationManager.h */ = {isa = PBXFileReference; lastKnownFileType = sourcecode.c.h; path = LocationManager.h; sourceTree = "<group>"; };
		91DBE8C71F923B580024EC05 /* LocationManager.m */ = {isa = PBXFileReference; lastKnownFileType = sourcecode.c.objc; path = LocationManager.m; sourceTree = "<group>"; };
		AF30911A1F91B93900FFEF97 /* RNLocation.h */ = {isa = PBXFileReference; lastKnownFileType = sourcecode.c.h; path = RNLocation.h; sourceTree = "<group>"; };
		AF30911B1F91B93900FFEF97 /* RNLocation.m */ = {isa = PBXFileReference; lastKnownFileType = sourcecode.c.objc; path = RNLocation.m; sourceTree = "<group>"; };
		AF30911D1F91B9C100FFEF97 /* FirebaseObject.h */ = {isa = PBXFileReference; lastKnownFileType = sourcecode.c.h; path = FirebaseObject.h; sourceTree = "<group>"; };
		AF30911E1F91B9C100FFEF97 /* FirebaseObject.m */ = {isa = PBXFileReference; lastKnownFileType = sourcecode.c.objc; path = FirebaseObject.m; sourceTree = "<group>"; };
		AF3091201F91BB9000FFEF97 /* RNResource.h */ = {isa = PBXFileReference; lastKnownFileType = sourcecode.c.h; path = RNResource.h; sourceTree = "<group>"; };
		AF3091211F91BB9000FFEF97 /* RNResource.m */ = {isa = PBXFileReference; lastKnownFileType = sourcecode.c.objc; path = RNResource.m; sourceTree = "<group>"; };
		AF3091231F91BECF00FFEF97 /* RNUser.h */ = {isa = PBXFileReference; lastKnownFileType = sourcecode.c.h; path = RNUser.h; sourceTree = "<group>"; };
		AF3091241F91BECF00FFEF97 /* RNUser.m */ = {isa = PBXFileReference; lastKnownFileType = sourcecode.c.objc; path = RNUser.m; sourceTree = "<group>"; };
		AF3091261F91C01F00FFEF97 /* FirebaseHandler.h */ = {isa = PBXFileReference; lastKnownFileType = sourcecode.c.h; path = FirebaseHandler.h; sourceTree = "<group>"; };
		AF3091271F91C01F00FFEF97 /* FirebaseHandler.m */ = {isa = PBXFileReference; lastKnownFileType = sourcecode.c.objc; path = FirebaseHandler.m; sourceTree = "<group>"; };
		AF3091291F91C13600FFEF97 /* RNRecoveryArea.h */ = {isa = PBXFileReference; lastKnownFileType = sourcecode.c.h; path = RNRecoveryArea.h; sourceTree = "<group>"; };
		AF30912A1F91C13600FFEF97 /* RNRecoveryArea.m */ = {isa = PBXFileReference; lastKnownFileType = sourcecode.c.objc; path = RNRecoveryArea.m; sourceTree = "<group>"; };
		AF30912D1F91C23800FFEF97 /* ResourcesCollectionViewController.h */ = {isa = PBXFileReference; lastKnownFileType = sourcecode.c.h; path = ResourcesCollectionViewController.h; sourceTree = "<group>"; };
		AF30912E1F91C23800FFEF97 /* ResourcesCollectionViewController.m */ = {isa = PBXFileReference; lastKnownFileType = sourcecode.c.objc; path = ResourcesCollectionViewController.m; sourceTree = "<group>"; };
		AF3091301F91C33800FFEF97 /* SearchTableViewController.h */ = {isa = PBXFileReference; lastKnownFileType = sourcecode.c.h; path = SearchTableViewController.h; sourceTree = "<group>"; };
		AF3091311F91C33800FFEF97 /* SearchTableViewController.m */ = {isa = PBXFileReference; lastKnownFileType = sourcecode.c.objc; path = SearchTableViewController.m; sourceTree = "<group>"; };
		AF3091331F91C6CD00FFEF97 /* AccountTableViewController.h */ = {isa = PBXFileReference; lastKnownFileType = sourcecode.c.h; path = AccountTableViewController.h; sourceTree = "<group>"; };
		AF3091341F91C6CD00FFEF97 /* AccountTableViewController.m */ = {isa = PBXFileReference; lastKnownFileType = sourcecode.c.objc; path = AccountTableViewController.m; sourceTree = "<group>"; };
		AF3091361F91C91500FFEF97 /* ContributeViewController.h */ = {isa = PBXFileReference; lastKnownFileType = sourcecode.c.h; path = ContributeViewController.h; sourceTree = "<group>"; };
		AF3091371F91C91500FFEF97 /* ContributeViewController.m */ = {isa = PBXFileReference; lastKnownFileType = sourcecode.c.objc; path = ContributeViewController.m; sourceTree = "<group>"; };
		AF3091391F91D47B00FFEF97 /* Constants.h */ = {isa = PBXFileReference; lastKnownFileType = sourcecode.c.h; path = Constants.h; sourceTree = "<group>"; };
		AFCD55A81F9245EE0097AE67 /* Recover_Now-Prefix.pch */ = {isa = PBXFileReference; lastKnownFileType = sourcecode.c.h; path = "Recover_Now-Prefix.pch"; sourceTree = "<group>"; };
		AFCD55A91F924B6D0097AE67 /* LoadData.h */ = {isa = PBXFileReference; lastKnownFileType = sourcecode.c.h; path = LoadData.h; sourceTree = "<group>"; };
		AFCD55AA1F924B6D0097AE67 /* LoadData.m */ = {isa = PBXFileReference; lastKnownFileType = sourcecode.c.objc; path = LoadData.m; sourceTree = "<group>"; };
		AFCD55AC1F92504C0097AE67 /* ResourceDetailTableViewController.h */ = {isa = PBXFileReference; lastKnownFileType = sourcecode.c.h; path = ResourceDetailTableViewController.h; sourceTree = "<group>"; };
		AFCD55AD1F92504C0097AE67 /* ResourceDetailTableViewController.m */ = {isa = PBXFileReference; lastKnownFileType = sourcecode.c.objc; path = ResourceDetailTableViewController.m; sourceTree = "<group>"; };
/* End PBXFileReference section */

/* Begin PBXFrameworksBuildPhase section */
		91B0FD771F91AD74001ED35C /* Frameworks */ = {
			isa = PBXFrameworksBuildPhase;
			buildActionMask = 2147483647;
			files = (
				3F2705C4624897A0A01A4280 /* libPods-Recover Now.a in Frameworks */,
			);
			runOnlyForDeploymentPostprocessing = 0;
		};
/* End PBXFrameworksBuildPhase section */

/* Begin PBXGroup section */
		0E149F600CE95262BE82378F /* Frameworks */ = {
			isa = PBXGroup;
			children = (
				28EA6ADBFABE3007E1C8A0F9 /* libPods-Recover Now.a */,
			);
			name = Frameworks;
			sourceTree = "<group>";
		};
		91B0FD711F91AD74001ED35C = {
			isa = PBXGroup;
			children = (
				91B0FD7C1F91AD74001ED35C /* Recover Now */,
				91B0FD7B1F91AD74001ED35C /* Products */,
				C3C966E591BF5A2511745F9A /* Pods */,
				0E149F600CE95262BE82378F /* Frameworks */,
			);
			sourceTree = "<group>";
		};
		91B0FD7B1F91AD74001ED35C /* Products */ = {
			isa = PBXGroup;
			children = (
				91B0FD7A1F91AD74001ED35C /* Recover Now.app */,
			);
			name = Products;
			sourceTree = "<group>";
		};
		91B0FD7C1F91AD74001ED35C /* Recover Now */ = {
			isa = PBXGroup;
			children = (
				AFCD55A81F9245EE0097AE67 /* Recover_Now-Prefix.pch */,
				91A63BD71F91CED000D870B9 /* Recover Now-Bridging-Header.h */,
				91DBE8C31F923AB70024EC05 /* Utility */,
				AF30912C1F91C1C300FFEF97 /* ViewControllers */,
				AF3091191F91B91100FFEF97 /* Models */,
				91B0FD7D1F91AD74001ED35C /* AppDelegate.h */,
				91B0FD7E1F91AD74001ED35C /* AppDelegate.m */,
				91B0FD861F91AD74001ED35C /* Main.storyboard */,
				91A63BD31F91C6EA00D870B9 /* Views */,
				91A63BD11F91C64800D870B9 /* GoogleService-Info.plist */,
				91B0FD891F91AD74001ED35C /* Assets.xcassets */,
				91B0FD8B1F91AD74001ED35C /* LaunchScreen.storyboard */,
				91B0FD8E1F91AD74001ED35C /* Info.plist */,
				91B0FD8F1F91AD74001ED35C /* main.m */,
				AF3091261F91C01F00FFEF97 /* FirebaseHandler.h */,
				AF3091271F91C01F00FFEF97 /* FirebaseHandler.m */,
				AF3091391F91D47B00FFEF97 /* Constants.h */,
			);
			path = "Recover Now";
			sourceTree = "<group>";
		};
		91DBE8C31F923AB70024EC05 /* Utility */ = {
			isa = PBXGroup;
			children = (
				91DBE8C61F923B580024EC05 /* LocationManager.h */,
				91DBE8C71F923B580024EC05 /* LocationManager.m */,
				AFCD55A91F924B6D0097AE67 /* LoadData.h */,
				AFCD55AA1F924B6D0097AE67 /* LoadData.m */,
			);
			path = Utility;
			sourceTree = "<group>";
		};
		AF3091191F91B91100FFEF97 /* Models */ = {
			isa = PBXGroup;
			children = (
				91A63BDC1F91CED100D870B9 /* Accounts.swift */,
				91A63BDA1F91CED100D870B9 /* DatabaseManager.swift */,
				91A63BDB1F91CED100D870B9 /* FirebaseObjects.swift */,
				91A63BD81F91CED000D870B9 /* FirebaseService.swift */,
				91A63BD91F91CED000D870B9 /* FirebaseStorage.swift */,
				AF30911A1F91B93900FFEF97 /* RNLocation.h */,
				AF30911B1F91B93900FFEF97 /* RNLocation.m */,
				AF3091201F91BB9000FFEF97 /* RNResource.h */,
				AF3091211F91BB9000FFEF97 /* RNResource.m */,
				AF3091231F91BECF00FFEF97 /* RNUser.h */,
				AF3091241F91BECF00FFEF97 /* RNUser.m */,
				AF30911D1F91B9C100FFEF97 /* FirebaseObject.h */,
				AF30911E1F91B9C100FFEF97 /* FirebaseObject.m */,
				AF3091291F91C13600FFEF97 /* RNRecoveryArea.h */,
				AF30912A1F91C13600FFEF97 /* RNRecoveryArea.m */,
			);
			path = Models;
			sourceTree = "<group>";
		};
		AF30912C1F91C1C300FFEF97 /* ViewControllers */ = {
			isa = PBXGroup;
			children = (
				AF30912D1F91C23800FFEF97 /* ResourcesCollectionViewController.h */,
				AF30912E1F91C23800FFEF97 /* ResourcesCollectionViewController.m */,
				91DBE8C01F91DC910024EC05 /* ResourceCollectionViewCell.h */,
				91DBE8C11F91DC910024EC05 /* ResourceCollectionViewCell.m */,
				AF3091301F91C33800FFEF97 /* SearchTableViewController.h */,
				AF3091311F91C33800FFEF97 /* SearchTableViewController.m */,
				AF3091331F91C6CD00FFEF97 /* AccountTableViewController.h */,
				AF3091341F91C6CD00FFEF97 /* AccountTableViewController.m */,
				AF3091361F91C91500FFEF97 /* ContributeViewController.h */,
				AF3091371F91C91500FFEF97 /* ContributeViewController.m */,
				AFCD55AC1F92504C0097AE67 /* ResourceDetailTableViewController.h */,
				AFCD55AD1F92504C0097AE67 /* ResourceDetailTableViewController.m */,
			);
			path = ViewControllers;
			sourceTree = "<group>";
		};
		C3C966E591BF5A2511745F9A /* Pods */ = {
			isa = PBXGroup;
			children = (
				5FA65EC7879340C0A671C94A /* Pods-Recover Now.debug.xcconfig */,
				1DDBA4C83B7F7345F3DF15EF /* Pods-Recover Now.release.xcconfig */,
			);
			name = Pods;
			sourceTree = "<group>";
		};
/* End PBXGroup section */

/* Begin PBXNativeTarget section */
		91B0FD791F91AD74001ED35C /* Recover Now */ = {
			isa = PBXNativeTarget;
			buildConfigurationList = 91B0FD931F91AD74001ED35C /* Build configuration list for PBXNativeTarget "Recover Now" */;
			buildPhases = (
				38F1903E2F5141EEF57CA0A6 /* [CP] Check Pods Manifest.lock */,
				91B0FD761F91AD74001ED35C /* Sources */,
				91B0FD771F91AD74001ED35C /* Frameworks */,
				91B0FD781F91AD74001ED35C /* Resources */,
				4CD30D216E6D75D1552D1CD9 /* [CP] Embed Pods Frameworks */,
				823EB8906F1D46B87754D021 /* [CP] Copy Pods Resources */,
			);
			buildRules = (
			);
			dependencies = (
			);
			name = "Recover Now";
			productName = "Recover Now";
			productReference = 91B0FD7A1F91AD74001ED35C /* Recover Now.app */;
			productType = "com.apple.product-type.application";
		};
/* End PBXNativeTarget section */

/* Begin PBXProject section */
		91B0FD721F91AD74001ED35C /* Project object */ = {
			isa = PBXProject;
			attributes = {
				LastUpgradeCheck = 0910;
				ORGANIZATIONNAME = "Cliff Panos";
				TargetAttributes = {
					91B0FD791F91AD74001ED35C = {
						CreatedOnToolsVersion = 9.1;
						LastSwiftMigration = 0900;
						ProvisioningStyle = Automatic;
					};
				};
			};
			buildConfigurationList = 91B0FD751F91AD74001ED35C /* Build configuration list for PBXProject "Recover Now" */;
			compatibilityVersion = "Xcode 8.0";
			developmentRegion = en;
			hasScannedForEncodings = 0;
			knownRegions = (
				en,
				Base,
			);
			mainGroup = 91B0FD711F91AD74001ED35C;
			productRefGroup = 91B0FD7B1F91AD74001ED35C /* Products */;
			projectDirPath = "";
			projectRoot = "";
			targets = (
				91B0FD791F91AD74001ED35C /* Recover Now */,
			);
		};
/* End PBXProject section */

/* Begin PBXResourcesBuildPhase section */
		91B0FD781F91AD74001ED35C /* Resources */ = {
			isa = PBXResourcesBuildPhase;
			buildActionMask = 2147483647;
			files = (
				91B0FD8D1F91AD74001ED35C /* LaunchScreen.storyboard in Resources */,
				91A63BD21F91C64800D870B9 /* GoogleService-Info.plist in Resources */,
				91A63BD41F91C6EB00D870B9 /* Views in Resources */,
				91B0FD8A1F91AD74001ED35C /* Assets.xcassets in Resources */,
				91B0FD881F91AD74001ED35C /* Main.storyboard in Resources */,
			);
			runOnlyForDeploymentPostprocessing = 0;
		};
/* End PBXResourcesBuildPhase section */

/* Begin PBXShellScriptBuildPhase section */
		38F1903E2F5141EEF57CA0A6 /* [CP] Check Pods Manifest.lock */ = {
			isa = PBXShellScriptBuildPhase;
			buildActionMask = 2147483647;
			files = (
			);
			inputPaths = (
				"${PODS_PODFILE_DIR_PATH}/Podfile.lock",
				"${PODS_ROOT}/Manifest.lock",
			);
			name = "[CP] Check Pods Manifest.lock";
			outputPaths = (
				"$(DERIVED_FILE_DIR)/Pods-Recover Now-checkManifestLockResult.txt",
			);
			runOnlyForDeploymentPostprocessing = 0;
			shellPath = /bin/sh;
			shellScript = "diff \"${PODS_PODFILE_DIR_PATH}/Podfile.lock\" \"${PODS_ROOT}/Manifest.lock\" > /dev/null\nif [ $? != 0 ] ; then\n    # print error to STDERR\n    echo \"error: The sandbox is not in sync with the Podfile.lock. Run 'pod install' or update your CocoaPods installation.\" >&2\n    exit 1\nfi\n# This output is used by Xcode 'outputs' to avoid re-running this script phase.\necho \"SUCCESS\" > \"${SCRIPT_OUTPUT_FILE_0}\"\n";
			showEnvVarsInLog = 0;
		};
		4CD30D216E6D75D1552D1CD9 /* [CP] Embed Pods Frameworks */ = {
			isa = PBXShellScriptBuildPhase;
			buildActionMask = 2147483647;
			files = (
			);
			inputPaths = (
			);
			name = "[CP] Embed Pods Frameworks";
			outputPaths = (
			);
			runOnlyForDeploymentPostprocessing = 0;
			shellPath = /bin/sh;
			shellScript = "\"${SRCROOT}/Pods/Target Support Files/Pods-Recover Now/Pods-Recover Now-frameworks.sh\"\n";
			showEnvVarsInLog = 0;
		};
		823EB8906F1D46B87754D021 /* [CP] Copy Pods Resources */ = {
			isa = PBXShellScriptBuildPhase;
			buildActionMask = 2147483647;
			files = (
			);
			inputPaths = (
			);
			name = "[CP] Copy Pods Resources";
			outputPaths = (
			);
			runOnlyForDeploymentPostprocessing = 0;
			shellPath = /bin/sh;
			shellScript = "\"${SRCROOT}/Pods/Target Support Files/Pods-Recover Now/Pods-Recover Now-resources.sh\"\n";
			showEnvVarsInLog = 0;
		};
/* End PBXShellScriptBuildPhase section */

/* Begin PBXSourcesBuildPhase section */
		91B0FD761F91AD74001ED35C /* Sources */ = {
			isa = PBXSourcesBuildPhase;
			buildActionMask = 2147483647;
			files = (
				91A63BDE1F91CED100D870B9 /* FirebaseStorage.swift in Sources */,
				91A63BDF1F91CED100D870B9 /* DatabaseManager.swift in Sources */,
				AF30911C1F91B93900FFEF97 /* RNLocation.m in Sources */,
				91B0FD7F1F91AD74001ED35C /* AppDelegate.m in Sources */,
				AF30912F1F91C23800FFEF97 /* ResourcesCollectionViewController.m in Sources */,
				AF3091321F91C33800FFEF97 /* SearchTableViewController.m in Sources */,
				AF3091221F91BB9000FFEF97 /* RNResource.m in Sources */,
				AF30912B1F91C13600FFEF97 /* RNRecoveryArea.m in Sources */,
				91A63BDD1F91CED100D870B9 /* FirebaseService.swift in Sources */,
				91B0FD901F91AD74001ED35C /* main.m in Sources */,
				91DBE8C21F91DC910024EC05 /* ResourceCollectionViewCell.m in Sources */,
				AFCD55AB1F924B6D0097AE67 /* LoadData.m in Sources */,
				AF3091381F91C91500FFEF97 /* ContributeViewController.m in Sources */,
				91DBE8C81F923B580024EC05 /* LocationManager.m in Sources */,
				AF3091351F91C6CD00FFEF97 /* AccountTableViewController.m in Sources */,
				AF3091251F91BECF00FFEF97 /* RNUser.m in Sources */,
				91A63BE11F91CED100D870B9 /* Accounts.swift in Sources */,
				AF3091281F91C01F00FFEF97 /* FirebaseHandler.m in Sources */,
				AF30911F1F91B9C100FFEF97 /* FirebaseObject.m in Sources */,
				AFCD55AE1F92504C0097AE67 /* ResourceDetailTableViewController.m in Sources */,
				91A63BE01F91CED100D870B9 /* FirebaseObjects.swift in Sources */,
			);
			runOnlyForDeploymentPostprocessing = 0;
		};
/* End PBXSourcesBuildPhase section */

/* Begin PBXVariantGroup section */
		91B0FD861F91AD74001ED35C /* Main.storyboard */ = {
			isa = PBXVariantGroup;
			children = (
				91B0FD871F91AD74001ED35C /* Base */,
			);
			name = Main.storyboard;
			sourceTree = "<group>";
		};
		91B0FD8B1F91AD74001ED35C /* LaunchScreen.storyboard */ = {
			isa = PBXVariantGroup;
			children = (
				91B0FD8C1F91AD74001ED35C /* Base */,
			);
			name = LaunchScreen.storyboard;
			sourceTree = "<group>";
		};
/* End PBXVariantGroup section */

/* Begin XCBuildConfiguration section */
		91B0FD911F91AD74001ED35C /* Debug */ = {
			isa = XCBuildConfiguration;
			buildSettings = {
				ALWAYS_SEARCH_USER_PATHS = NO;
				CLANG_ANALYZER_NONNULL = YES;
				CLANG_ANALYZER_NUMBER_OBJECT_CONVERSION = YES_AGGRESSIVE;
				CLANG_CXX_LANGUAGE_STANDARD = "gnu++14";
				CLANG_CXX_LIBRARY = "libc++";
				CLANG_ENABLE_MODULES = YES;
				CLANG_ENABLE_OBJC_ARC = YES;
				CLANG_WARN_BLOCK_CAPTURE_AUTORELEASING = YES;
				CLANG_WARN_BOOL_CONVERSION = YES;
				CLANG_WARN_COMMA = YES;
				CLANG_WARN_CONSTANT_CONVERSION = YES;
				CLANG_WARN_DIRECT_OBJC_ISA_USAGE = YES_ERROR;
				CLANG_WARN_DOCUMENTATION_COMMENTS = YES;
				CLANG_WARN_EMPTY_BODY = YES;
				CLANG_WARN_ENUM_CONVERSION = YES;
				CLANG_WARN_INFINITE_RECURSION = YES;
				CLANG_WARN_INT_CONVERSION = YES;
				CLANG_WARN_NON_LITERAL_NULL_CONVERSION = YES;
				CLANG_WARN_OBJC_LITERAL_CONVERSION = YES;
				CLANG_WARN_OBJC_ROOT_CLASS = YES_ERROR;
				CLANG_WARN_RANGE_LOOP_ANALYSIS = YES;
				CLANG_WARN_STRICT_PROTOTYPES = YES;
				CLANG_WARN_SUSPICIOUS_MOVE = YES;
				CLANG_WARN_UNGUARDED_AVAILABILITY = YES_AGGRESSIVE;
				CLANG_WARN_UNREACHABLE_CODE = YES;
				CLANG_WARN__DUPLICATE_METHOD_MATCH = YES;
				CODE_SIGN_IDENTITY = "iPhone Developer";
				COPY_PHASE_STRIP = NO;
				DEBUG_INFORMATION_FORMAT = dwarf;
				ENABLE_STRICT_OBJC_MSGSEND = YES;
				ENABLE_TESTABILITY = YES;
				GCC_C_LANGUAGE_STANDARD = gnu11;
				GCC_DYNAMIC_NO_PIC = NO;
				GCC_NO_COMMON_BLOCKS = YES;
				GCC_OPTIMIZATION_LEVEL = 0;
				GCC_PREPROCESSOR_DEFINITIONS = (
					"DEBUG=1",
					"$(inherited)",
				);
				GCC_WARN_64_TO_32_BIT_CONVERSION = YES;
				GCC_WARN_ABOUT_RETURN_TYPE = YES_ERROR;
				GCC_WARN_UNDECLARED_SELECTOR = YES;
				GCC_WARN_UNINITIALIZED_AUTOS = YES_AGGRESSIVE;
				GCC_WARN_UNUSED_FUNCTION = YES;
				GCC_WARN_UNUSED_VARIABLE = YES;
				IPHONEOS_DEPLOYMENT_TARGET = 11.1;
				MTL_ENABLE_DEBUG_INFO = YES;
				ONLY_ACTIVE_ARCH = YES;
				SDKROOT = iphoneos;
			};
			name = Debug;
		};
		91B0FD921F91AD74001ED35C /* Release */ = {
			isa = XCBuildConfiguration;
			buildSettings = {
				ALWAYS_SEARCH_USER_PATHS = NO;
				CLANG_ANALYZER_NONNULL = YES;
				CLANG_ANALYZER_NUMBER_OBJECT_CONVERSION = YES_AGGRESSIVE;
				CLANG_CXX_LANGUAGE_STANDARD = "gnu++14";
				CLANG_CXX_LIBRARY = "libc++";
				CLANG_ENABLE_MODULES = YES;
				CLANG_ENABLE_OBJC_ARC = YES;
				CLANG_WARN_BLOCK_CAPTURE_AUTORELEASING = YES;
				CLANG_WARN_BOOL_CONVERSION = YES;
				CLANG_WARN_COMMA = YES;
				CLANG_WARN_CONSTANT_CONVERSION = YES;
				CLANG_WARN_DIRECT_OBJC_ISA_USAGE = YES_ERROR;
				CLANG_WARN_DOCUMENTATION_COMMENTS = YES;
				CLANG_WARN_EMPTY_BODY = YES;
				CLANG_WARN_ENUM_CONVERSION = YES;
				CLANG_WARN_INFINITE_RECURSION = YES;
				CLANG_WARN_INT_CONVERSION = YES;
				CLANG_WARN_NON_LITERAL_NULL_CONVERSION = YES;
				CLANG_WARN_OBJC_LITERAL_CONVERSION = YES;
				CLANG_WARN_OBJC_ROOT_CLASS = YES_ERROR;
				CLANG_WARN_RANGE_LOOP_ANALYSIS = YES;
				CLANG_WARN_STRICT_PROTOTYPES = YES;
				CLANG_WARN_SUSPICIOUS_MOVE = YES;
				CLANG_WARN_UNGUARDED_AVAILABILITY = YES_AGGRESSIVE;
				CLANG_WARN_UNREACHABLE_CODE = YES;
				CLANG_WARN__DUPLICATE_METHOD_MATCH = YES;
				CODE_SIGN_IDENTITY = "iPhone Developer";
				COPY_PHASE_STRIP = NO;
				DEBUG_INFORMATION_FORMAT = "dwarf-with-dsym";
				ENABLE_NS_ASSERTIONS = NO;
				ENABLE_STRICT_OBJC_MSGSEND = YES;
				GCC_C_LANGUAGE_STANDARD = gnu11;
				GCC_NO_COMMON_BLOCKS = YES;
				GCC_WARN_64_TO_32_BIT_CONVERSION = YES;
				GCC_WARN_ABOUT_RETURN_TYPE = YES_ERROR;
				GCC_WARN_UNDECLARED_SELECTOR = YES;
				GCC_WARN_UNINITIALIZED_AUTOS = YES_AGGRESSIVE;
				GCC_WARN_UNUSED_FUNCTION = YES;
				GCC_WARN_UNUSED_VARIABLE = YES;
				IPHONEOS_DEPLOYMENT_TARGET = 11.1;
				MTL_ENABLE_DEBUG_INFO = NO;
				SDKROOT = iphoneos;
				VALIDATE_PRODUCT = YES;
			};
			name = Release;
		};
		91B0FD941F91AD74001ED35C /* Debug */ = {
			isa = XCBuildConfiguration;
			baseConfigurationReference = 5FA65EC7879340C0A671C94A /* Pods-Recover Now.debug.xcconfig */;
			buildSettings = {
				ASSETCATALOG_COMPILER_APPICON_NAME = AppIcon;
				CLANG_ENABLE_MODULES = YES;
				CODE_SIGN_STYLE = Automatic;
				DEVELOPMENT_TEAM = V7HL83ZN6U;
				GCC_PRECOMPILE_PREFIX_HEADER = YES;
				GCC_PREFIX_HEADER = "Recover Now/Recover_Now-Prefix.pch";
				INFOPLIST_FILE = "Recover Now/Info.plist";
				IPHONEOS_DEPLOYMENT_TARGET = 10.0;
				LD_RUNPATH_SEARCH_PATHS = "$(inherited) @executable_path/Frameworks";
				PRODUCT_BUNDLE_IDENTIFIER = "com.recovernowapp.Recover-Now";
				PRODUCT_NAME = "$(TARGET_NAME)";
				SWIFT_OBJC_BRIDGING_HEADER = "Recover Now/Recover Now-Bridging-Header.h";
				SWIFT_OPTIMIZATION_LEVEL = "-Onone";
				SWIFT_VERSION = 3.0;
				TARGETED_DEVICE_FAMILY = "1,2";
			};
			name = Debug;
		};
		91B0FD951F91AD74001ED35C /* Release */ = {
			isa = XCBuildConfiguration;
			baseConfigurationReference = 1DDBA4C83B7F7345F3DF15EF /* Pods-Recover Now.release.xcconfig */;
			buildSettings = {
				ASSETCATALOG_COMPILER_APPICON_NAME = AppIcon;
				CLANG_ENABLE_MODULES = YES;
				CODE_SIGN_STYLE = Automatic;
				DEVELOPMENT_TEAM = V7HL83ZN6U;
				GCC_PRECOMPILE_PREFIX_HEADER = YES;
				GCC_PREFIX_HEADER = "Recover Now/Recover_Now-Prefix.pch";
				INFOPLIST_FILE = "Recover Now/Info.plist";
				IPHONEOS_DEPLOYMENT_TARGET = 10.0;
				LD_RUNPATH_SEARCH_PATHS = "$(inherited) @executable_path/Frameworks";
				PRODUCT_BUNDLE_IDENTIFIER = "com.recovernowapp.Recover-Now";
				PRODUCT_NAME = "$(TARGET_NAME)";
				SWIFT_OBJC_BRIDGING_HEADER = "Recover Now/Recover Now-Bridging-Header.h";
				SWIFT_VERSION = 3.0;
				TARGETED_DEVICE_FAMILY = "1,2";
			};
			name = Release;
		};
/* End XCBuildConfiguration section */

/* Begin XCConfigurationList section */
		91B0FD751F91AD74001ED35C /* Build configuration list for PBXProject "Recover Now" */ = {
			isa = XCConfigurationList;
			buildConfigurations = (
				91B0FD911F91AD74001ED35C /* Debug */,
				91B0FD921F91AD74001ED35C /* Release */,
			);
			defaultConfigurationIsVisible = 0;
			defaultConfigurationName = Release;
		};
		91B0FD931F91AD74001ED35C /* Build configuration list for PBXNativeTarget "Recover Now" */ = {
			isa = XCConfigurationList;
			buildConfigurations = (
				91B0FD941F91AD74001ED35C /* Debug */,
				91B0FD951F91AD74001ED35C /* Release */,
			);
			defaultConfigurationIsVisible = 0;
			defaultConfigurationName = Release;
		};
/* End XCConfigurationList section */
	};
	rootObject = 91B0FD721F91AD74001ED35C /* Project object */;
}
